
Microsoft Visual Studio Solution File, Format Version 12.00
# Visual Studio Version 17
VisualStudioVersion = 17.14.36408.4
MinimumVisualStudioVersion = 10.0.40219.1
Project("{FAE04EC0-301F-11D3-BF4B-00C04F79EFBC}") = "ZansiHustle.API", "ZansiHustle.API\ZansiHustle.API.csproj", "{5758AA6C-E762-4AF5-A0F8-753472DC1C78}"
EndProject
Project("{FAE04EC0-301F-11D3-BF4B-00C04F79EFBC}") = "ZansiHustle.Application", "ZansiHustle.Application\ZansiHustle.Application.csproj", "{DE173105-6466-43FB-82A6-5B60D1120E06}"
EndProject
Project("{FAE04EC0-301F-11D3-BF4B-00C04F79EFBC}") = "ZansiHustle.Domain", "ZansiHustle.Domain\ZansiHustle.Domain.csproj", "{A310F09F-20C6-4B12-B342-2AE6F2E7FD1D}"
EndProject
Project("{FAE04EC0-301F-11D3-BF4B-00C04F79EFBC}") = "ZansiHustle.Shared", "ZansiHustle.Shared\ZansiHustle.Shared.csproj", "{114EFDC8-E2CA-451A-A805-B3C58AACBAA0}"
EndProject
Project("{FAE04EC0-301F-11D3-BF4B-00C04F79EFBC}") = "ZansiHustle.Infrastructure", "ZansiHustle.Infrastructure\ZansiHustle.Infrastructure.csproj", "{ADC1C1E1-49C2-420A-AE66-574853E86275}"
EndProject
Project("{FAE04EC0-301F-11D3-BF4B-00C04F79EFBC}") = "ZansiHustle.Tests", "ZansiHustle.Tests\ZansiHustle.Tests.csproj", "{00D83379-2809-4794-9179-690ECC6C1EFD}"
EndProject
Global
	GlobalSection(SolutionConfigurationPlatforms) = preSolution
		Debug|Any CPU = Debug|Any CPU
		Debug|x64 = Debug|x64
		Debug|x86 = Debug|x86
		Release|Any CPU = Release|Any CPU
		Release|x64 = Release|x64
		Release|x86 = Release|x86
	EndGlobalSection
	GlobalSection(ProjectConfigurationPlatforms) = postSolution
		{5758AA6C-E762-4AF5-A0F8-753472DC1C78}.Debug|Any CPU.ActiveCfg = Debug|Any CPU
		{5758AA6C-E762-4AF5-A0F8-753472DC1C78}.Debug|Any CPU.Build.0 = Debug|Any CPU
		{5758AA6C-E762-4AF5-A0F8-753472DC1C78}.Debug|x64.ActiveCfg = Debug|Any CPU
		{5758AA6C-E762-4AF5-A0F8-753472DC1C78}.Debug|x64.Build.0 = Debug|Any CPU
		{5758AA6C-E762-4AF5-A0F8-753472DC1C78}.Debug|x86.ActiveCfg = Debug|Any CPU
		{5758AA6C-E762-4AF5-A0F8-753472DC1C78}.Debug|x86.Build.0 = Debug|Any CPU
		{5758AA6C-E762-4AF5-A0F8-753472DC1C78}.Release|Any CPU.ActiveCfg = Release|Any CPU
		{5758AA6C-E762-4AF5-A0F8-753472DC1C78}.Release|Any CPU.Build.0 = Release|Any CPU
		{5758AA6C-E762-4AF5-A0F8-753472DC1C78}.Release|x64.ActiveCfg = Release|Any CPU
		{5758AA6C-E762-4AF5-A0F8-753472DC1C78}.Release|x64.Build.0 = Release|Any CPU
		{5758AA6C-E762-4AF5-A0F8-753472DC1C78}.Release|x86.ActiveCfg = Release|Any CPU
		{5758AA6C-E762-4AF5-A0F8-753472DC1C78}.Release|x86.Build.0 = Release|Any CPU
		{DE173105-6466-43FB-82A6-5B60D1120E06}.Debug|Any CPU.ActiveCfg = Debug|Any CPU
		{DE173105-6466-43FB-82A6-5B60D1120E06}.Debug|Any CPU.Build.0 = Debug|Any CPU
		{DE173105-6466-43FB-82A6-5B60D1120E06}.Debug|x64.ActiveCfg = Debug|Any CPU
		{DE173105-6466-43FB-82A6-5B60D1120E06}.Debug|x64.Build.0 = Debug|Any CPU
		{DE173105-6466-43FB-82A6-5B60D1120E06}.Debug|x86.ActiveCfg = Debug|Any CPU
		{DE173105-6466-43FB-82A6-5B60D1120E06}.Debug|x86.Build.0 = Debug|Any CPU
		{DE173105-6466-43FB-82A6-5B60D1120E06}.Release|Any CPU.ActiveCfg = Release|Any CPU
		{DE173105-6466-43FB-82A6-5B60D1120E06}.Release|Any CPU.Build.0 = Release|Any CPU
		{DE173105-6466-43FB-82A6-5B60D1120E06}.Release|x64.ActiveCfg = Release|Any CPU
		{DE173105-6466-43FB-82A6-5B60D1120E06}.Release|x64.Build.0 = Release|Any CPU
		{DE173105-6466-43FB-82A6-5B60D1120E06}.Release|x86.ActiveCfg = Release|Any CPU
		{DE173105-6466-43FB-82A6-5B60D1120E06}.Release|x86.Build.0 = Release|Any CPU
		{A310F09F-20C6-4B12-B342-2AE6F2E7FD1D}.Debug|Any CPU.ActiveCfg = Debug|Any CPU
		{A310F09F-20C6-4B12-B342-2AE6F2E7FD1D}.Debug|Any CPU.Build.0 = Debug|Any CPU
		{A310F09F-20C6-4B12-B342-2AE6F2E7FD1D}.Debug|x64.ActiveCfg = Debug|Any CPU
		{A310F09F-20C6-4B12-B342-2AE6F2E7FD1D}.Debug|x64.Build.0 = Debug|Any CPU
		{A310F09F-20C6-4B12-B342-2AE6F2E7FD1D}.Debug|x86.ActiveCfg = Debug|Any CPU
		{A310F09F-20C6-4B12-B342-2AE6F2E7FD1D}.Debug|x86.Build.0 = Debug|Any CPU
		{A310F09F-20C6-4B12-B342-2AE6F2E7FD1D}.Release|Any CPU.ActiveCfg = Release|Any CPU
		{A310F09F-20C6-4B12-B342-2AE6F2E7FD1D}.Release|Any CPU.Build.0 = Release|Any CPU
		{A310F09F-20C6-4B12-B342-2AE6F2E7FD1D}.Release|x64.ActiveCfg = Release|Any CPU
		{A310F09F-20C6-4B12-B342-2AE6F2E7FD1D}.Release|x64.Build.0 = Release|Any CPU
		{A310F09F-20C6-4B12-B342-2AE6F2E7FD1D}.Release|x86.ActiveCfg = Release|Any CPU
		{A310F09F-20C6-4B12-B342-2AE6F2E7FD1D}.Release|x86.Build.0 = Release|Any CPU
		{114EFDC8-E2CA-451A-A805-B3C58AACBAA0}.Debug|Any CPU.ActiveCfg = Debug|Any CPU
		{114EFDC8-E2CA-451A-A805-B3C58AACBAA0}.Debug|Any CPU.Build.0 = Debug|Any CPU
		{114EFDC8-E2CA-451A-A805-B3C58AACBAA0}.Debug|x64.ActiveCfg = Debug|Any CPU
		{114EFDC8-E2CA-451A-A805-B3C58AACBAA0}.Debug|x64.Build.0 = Debug|Any CPU
		{114EFDC8-E2CA-451A-A805-B3C58AACBAA0}.Debug|x86.ActiveCfg = Debug|Any CPU
		{114EFDC8-E2CA-451A-A805-B3C58AACBAA0}.Debug|x86.Build.0 = Debug|Any CPU
		{114EFDC8-E2CA-451A-A805-B3C58AACBAA0}.Release|Any CPU.ActiveCfg = Release|Any CPU
		{114EFDC8-E2CA-451A-A805-B3C58AACBAA0}.Release|Any CPU.Build.0 = Release|Any CPU
		{114EFDC8-E2CA-451A-A805-B3C58AACBAA0}.Release|x64.ActiveCfg = Release|Any CPU
		{114EFDC8-E2CA-451A-A805-B3C58AACBAA0}.Release|x64.Build.0 = Release|Any CPU
		{114EFDC8-E2CA-451A-A805-B3C58AACBAA0}.Release|x86.ActiveCfg = Release|Any CPU
		{114EFDC8-E2CA-451A-A805-B3C58AACBAA0}.Release|x86.Build.0 = Release|Any CPU
		{ADC1C1E1-49C2-420A-AE66-574853E86275}.Debug|Any CPU.ActiveCfg = Debug|Any CPU
		{ADC1C1E1-49C2-420A-AE66-574853E86275}.Debug|Any CPU.Build.0 = Debug|Any CPU
		{ADC1C1E1-49C2-420A-AE66-574853E86275}.Debug|x64.ActiveCfg = Debug|Any CPU
		{ADC1C1E1-49C2-420A-AE66-574853E86275}.Debug|x64.Build.0 = Debug|Any CPU
		{ADC1C1E1-49C2-420A-AE66-574853E86275}.Debug|x86.ActiveCfg = Debug|Any CPU
		{ADC1C1E1-49C2-420A-AE66-574853E86275}.Debug|x86.Build.0 = Debug|Any CPU
		{ADC1C1E1-49C2-420A-AE66-574853E86275}.Release|Any CPU.ActiveCfg = Release|Any CPU
		{ADC1C1E1-49C2-420A-AE66-574853E86275}.Release|Any CPU.Build.0 = Release|Any CPU
		{ADC1C1E1-49C2-420A-AE66-574853E86275}.Release|x64.ActiveCfg = Release|Any CPU
		{ADC1C1E1-49C2-420A-AE66-574853E86275}.Release|x64.Build.0 = Release|Any CPU
		{ADC1C1E1-49C2-420A-AE66-574853E86275}.Release|x86.ActiveCfg = Release|Any CPU
		{ADC1C1E1-49C2-420A-AE66-574853E86275}.Release|x86.Build.0 = Release|Any CPU
		{00D83379-2809-4794-9179-690ECC6C1EFD}.Debug|Any CPU.ActiveCfg = Debug|Any CPU
		{00D83379-2809-4794-9179-690ECC6C1EFD}.Debug|Any CPU.Build.0 = Debug|Any CPU
		{00D83379-2809-4794-9179-690ECC6C1EFD}.Debug|x64.ActiveCfg = Debug|Any CPU
		{00D83379-2809-4794-9179-690ECC6C1EFD}.Debug|x64.Build.0 = Debug|Any CPU
		{00D83379-2809-4794-9179-690ECC6C1EFD}.Debug|x86.ActiveCfg = Debug|Any CPU
		{00D83379-2809-4794-9179-690ECC6C1EFD}.Debug|x86.Build.0 = Debug|Any CPU
		{00D83379-2809-4794-9179-690ECC6C1EFD}.Release|Any CPU.ActiveCfg = Release|Any CPU
		{00D83379-2809-4794-9179-690ECC6C1EFD}.Release|Any CPU.Build.0 = Release|Any CPU
		{00D83379-2809-4794-9179-690ECC6C1EFD}.Release|x64.ActiveCfg = Release|Any CPU
		{00D83379-2809-4794-9179-690ECC6C1EFD}.Release|x64.Build.0 = Release|Any CPU
		{00D83379-2809-4794-9179-690ECC6C1EFD}.Release|x86.ActiveCfg = Release|Any CPU
		{00D83379-2809-4794-9179-690ECC6C1EFD}.Release|x86.Build.0 = Release|Any CPU
	EndGlobalSection
	GlobalSection(SolutionProperties) = preSolution
		HideSolutionNode = FALSE
	EndGlobalSection
	GlobalSection(ExtensibilityGlobals) = postSolution
		SolutionGuid = {57E97E57-BB3A-4196-A1F6-CE0405E6528C}
	EndGlobalSection
EndGlobal
